// !$*UTF8*$!
{
	archiveVersion = 1;
	classes = {
	};
	objectVersion = 52;
	objects = {

/* Begin PBXBuildFile section */
		1F29C20326D7C06E00B5C632 /* CallNavigationView.swift in Sources */ = {isa = PBXBuildFile; fileRef = 1F29C20226D7C06E00B5C632 /* CallNavigationView.swift */; };
		1F522E2626D526A40063AA5E /* MapView.swift in Sources */ = {isa = PBXBuildFile; fileRef = 1F522E2526D526A40063AA5E /* MapView.swift */; };
		1F522E2826D53B1A0063AA5E /* schoolView.swift in Sources */ = {isa = PBXBuildFile; fileRef = 1F522E2726D53B1A0063AA5E /* schoolView.swift */; };
		1F6C0EB926D39BC0007E02B1 /* FriendNavigationView.swift in Sources */ = {isa = PBXBuildFile; fileRef = 1F6C0EB826D39BC0007E02B1 /* FriendNavigationView.swift */; };
		1F6C0EBC26D39D55007E02B1 /* AllPeopleView.swift in Sources */ = {isa = PBXBuildFile; fileRef = 1F6C0EBB26D39D55007E02B1 /* AllPeopleView.swift */; };
		1F6C0EBE26D39D63007E02B1 /* FriendView.swift in Sources */ = {isa = PBXBuildFile; fileRef = 1F6C0EBD26D39D63007E02B1 /* FriendView.swift */; };
		1F6C0EC026D39E34007E02B1 /* PeopleView.swift in Sources */ = {isa = PBXBuildFile; fileRef = 1F6C0EBF26D39E34007E02B1 /* PeopleView.swift */; };
		1F7CB0F626D67220003AF85E /* AddContactsView.swift in Sources */ = {isa = PBXBuildFile; fileRef = 1F7CB0F526D67220003AF85E /* AddContactsView.swift */; };
		1F84237326E9E65C00F64D5C /* InvitationFriendsView.swift in Sources */ = {isa = PBXBuildFile; fileRef = 1F84237226E9E65C00F64D5C /* InvitationFriendsView.swift */; };
		1FA2563B2711B40A001F93DC /* Alamofire in Frameworks */ = {isa = PBXBuildFile; productRef = 1FA2563A2711B40A001F93DC /* Alamofire */; };
		1FA2563E2711BD46001F93DC /* testAF.swift in Sources */ = {isa = PBXBuildFile; fileRef = 1FA2563D2711BD46001F93DC /* testAF.swift */; };
		1FBF21B526CFAB0000EA854B /* FakeTelegramApp.swift in Sources */ = {isa = PBXBuildFile; fileRef = 1FBF21B426CFAB0000EA854B /* FakeTelegramApp.swift */; };
		1FBF21B726CFAB0000EA854B /* ContentView.swift in Sources */ = {isa = PBXBuildFile; fileRef = 1FBF21B626CFAB0000EA854B /* ContentView.swift */; };
		1FBF21B926CFAB0100EA854B /* Assets.xcassets in Resources */ = {isa = PBXBuildFile; fileRef = 1FBF21B826CFAB0100EA854B /* Assets.xcassets */; };
		1FBF21BC26CFAB0100EA854B /* Preview Assets.xcassets in Resources */ = {isa = PBXBuildFile; fileRef = 1FBF21BB26CFAB0100EA854B /* Preview Assets.xcassets */; };
		1FBF21C526CFAB6500EA854B /* CellPostView.swift in Sources */ = {isa = PBXBuildFile; fileRef = 1FBF21C426CFAB6500EA854B /* CellPostView.swift */; };
		1FBF21C926D000AC00EA854B /* README.md in Resources */ = {isa = PBXBuildFile; fileRef = 1FBF21C826D000AC00EA854B /* README.md */; };
		1FD3680726E1011900310104 /* CallView.swift in Sources */ = {isa = PBXBuildFile; fileRef = 1FD3680626E1011900310104 /* CallView.swift */; };
		1FD6C48326D2467600BC0AEB /* PostListView.swift in Sources */ = {isa = PBXBuildFile; fileRef = 1FD6C48226D2467600BC0AEB /* PostListView.swift */; };
		1FF5AFF926D1289D00876E58 /* AllTalkMessageView.swift in Sources */ = {isa = PBXBuildFile; fileRef = 1FF5AFF826D1289D00876E58 /* AllTalkMessageView.swift */; };
		1FF5AFFB26D12F2300876E58 /* TalkNavigationView.swift in Sources */ = {isa = PBXBuildFile; fileRef = 1FF5AFFA26D12F2300876E58 /* TalkNavigationView.swift */; };
/* End PBXBuildFile section */

/* Begin PBXFileReference section */
		1F29C20226D7C06E00B5C632 /* CallNavigationView.swift */ = {isa = PBXFileReference; lastKnownFileType = sourcecode.swift; path = CallNavigationView.swift; sourceTree = "<group>"; };
		1F522E2526D526A40063AA5E /* MapView.swift */ = {isa = PBXFileReference; lastKnownFileType = sourcecode.swift; path = MapView.swift; sourceTree = "<group>"; };
		1F522E2726D53B1A0063AA5E /* schoolView.swift */ = {isa = PBXFileReference; lastKnownFileType = sourcecode.swift; path = schoolView.swift; sourceTree = "<group>"; };
		1F6C0EB826D39BC0007E02B1 /* FriendNavigationView.swift */ = {isa = PBXFileReference; lastKnownFileType = sourcecode.swift; path = FriendNavigationView.swift; sourceTree = "<group>"; };
		1F6C0EBB26D39D55007E02B1 /* AllPeopleView.swift */ = {isa = PBXFileReference; lastKnownFileType = sourcecode.swift; path = AllPeopleView.swift; sourceTree = "<group>"; };
		1F6C0EBD26D39D63007E02B1 /* FriendView.swift */ = {isa = PBXFileReference; lastKnownFileType = sourcecode.swift; path = FriendView.swift; sourceTree = "<group>"; };
		1F6C0EBF26D39E34007E02B1 /* PeopleView.swift */ = {isa = PBXFileReference; lastKnownFileType = sourcecode.swift; path = PeopleView.swift; sourceTree = "<group>"; };
		1F7CB0F526D67220003AF85E /* AddContactsView.swift */ = {isa = PBXFileReference; lastKnownFileType = sourcecode.swift; path = AddContactsView.swift; sourceTree = "<group>"; };
		1F84237226E9E65C00F64D5C /* InvitationFriendsView.swift */ = {isa = PBXFileReference; lastKnownFileType = sourcecode.swift; path = InvitationFriendsView.swift; sourceTree = "<group>"; };
		1FA2563D2711BD46001F93DC /* testAF.swift */ = {isa = PBXFileReference; lastKnownFileType = sourcecode.swift; path = testAF.swift; sourceTree = "<group>"; };
		1FBF21B126CFAB0000EA854B /* FakeTelegram.app */ = {isa = PBXFileReference; explicitFileType = wrapper.application; includeInIndex = 0; path = FakeTelegram.app; sourceTree = BUILT_PRODUCTS_DIR; };
		1FBF21B426CFAB0000EA854B /* FakeTelegramApp.swift */ = {isa = PBXFileReference; lastKnownFileType = sourcecode.swift; path = FakeTelegramApp.swift; sourceTree = "<group>"; };
		1FBF21B626CFAB0000EA854B /* ContentView.swift */ = {isa = PBXFileReference; lastKnownFileType = sourcecode.swift; path = ContentView.swift; sourceTree = "<group>"; };
		1FBF21B826CFAB0100EA854B /* Assets.xcassets */ = {isa = PBXFileReference; lastKnownFileType = folder.assetcatalog; path = Assets.xcassets; sourceTree = "<group>"; };
		1FBF21BB26CFAB0100EA854B /* Preview Assets.xcassets */ = {isa = PBXFileReference; lastKnownFileType = folder.assetcatalog; path = "Preview Assets.xcassets"; sourceTree = "<group>"; };
		1FBF21BD26CFAB0100EA854B /* Info.plist */ = {isa = PBXFileReference; lastKnownFileType = text.plist.xml; path = Info.plist; sourceTree = "<group>"; };
		1FBF21C426CFAB6500EA854B /* CellPostView.swift */ = {isa = PBXFileReference; lastKnownFileType = sourcecode.swift; path = CellPostView.swift; sourceTree = "<group>"; };
		1FBF21C826D000AC00EA854B /* README.md */ = {isa = PBXFileReference; fileEncoding = 4; lastKnownFileType = net.daringfireball.markdown; path = README.md; sourceTree = SOURCE_ROOT; };
		1FD3680626E1011900310104 /* CallView.swift */ = {isa = PBXFileReference; lastKnownFileType = sourcecode.swift; path = CallView.swift; sourceTree = "<group>"; };
		1FD6C48226D2467600BC0AEB /* PostListView.swift */ = {isa = PBXFileReference; lastKnownFileType = sourcecode.swift; path = PostListView.swift; sourceTree = "<group>"; };
		1FF5AFF826D1289D00876E58 /* AllTalkMessageView.swift */ = {isa = PBXFileReference; lastKnownFileType = sourcecode.swift; path = AllTalkMessageView.swift; sourceTree = "<group>"; };
		1FF5AFFA26D12F2300876E58 /* TalkNavigationView.swift */ = {isa = PBXFileReference; lastKnownFileType = sourcecode.swift; path = TalkNavigationView.swift; sourceTree = "<group>"; };
/* End PBXFileReference section */

/* Begin PBXFrameworksBuildPhase section */
		1FBF21AE26CFAB0000EA854B /* Frameworks */ = {
			isa = PBXFrameworksBuildPhase;
			buildActionMask = 2147483647;
			files = (
				1FA2563B2711B40A001F93DC /* Alamofire in Frameworks */,
			);
			runOnlyForDeploymentPostprocessing = 0;
		};
/* End PBXFrameworksBuildPhase section */

/* Begin PBXGroup section */
		1F6C0EBA26D39D13007E02B1 /* NavigationView */ = {
			isa = PBXGroup;
			children = (
				1FF5AFFA26D12F2300876E58 /* TalkNavigationView.swift */,
				1F6C0EB826D39BC0007E02B1 /* FriendNavigationView.swift */,
				1F29C20226D7C06E00B5C632 /* CallNavigationView.swift */,
			);
			path = NavigationView;
			sourceTree = "<group>";
		};
		1F7CB0F426D671B5003AF85E /* FunctionView */ = {
			isa = PBXGroup;
			children = (
				1F7CB0F526D67220003AF85E /* AddContactsView.swift */,
				1F84237226E9E65C00F64D5C /* InvitationFriendsView.swift */,
			);
			path = FunctionView;
			sourceTree = "<group>";
		};
		1F89DAD426D63C7200095C52 /* tryMap */ = {
			isa = PBXGroup;
			children = (
				1F522E2526D526A40063AA5E /* MapView.swift */,
				1F522E2726D53B1A0063AA5E /* schoolView.swift */,
			);
			path = tryMap;
			sourceTree = "<group>";
		};
		1FA2563C2711B4A6001F93DC /* tryNet */ = {
			isa = PBXGroup;
			children = (
				1FA2563D2711BD46001F93DC /* testAF.swift */,
			);
			path = tryNet;
			sourceTree = "<group>";
		};
		1FA73D2026D4E748006D4DAD /* MainView */ = {
			isa = PBXGroup;
			children = (
				1FF5AFF826D1289D00876E58 /* AllTalkMessageView.swift */,
				1F6C0EBD26D39D63007E02B1 /* FriendView.swift */,
				1FD3680626E1011900310104 /* CallView.swift */,
			);
			path = MainView;
			sourceTree = "<group>";
		};
		1FBF21A826CFAB0000EA854B = {
			isa = PBXGroup;
			children = (
				1FBF21B326CFAB0000EA854B /* FakeTelegram */,
				1FBF21B226CFAB0000EA854B /* Products */,
			);
			sourceTree = "<group>";
		};
		1FBF21B226CFAB0000EA854B /* Products */ = {
			isa = PBXGroup;
			children = (
				1FBF21B126CFAB0000EA854B /* FakeTelegram.app */,
			);
			name = Products;
			sourceTree = "<group>";
		};
		1FBF21B326CFAB0000EA854B /* FakeTelegram */ = {
			isa = PBXGroup;
			children = (
				1FA2563C2711B4A6001F93DC /* tryNet */,
				1F89DAD426D63C7200095C52 /* tryMap */,
				1FBF21C826D000AC00EA854B /* README.md */,
				1FBF21C326CFAB1F00EA854B /* View */,
				1FBF21B426CFAB0000EA854B /* FakeTelegramApp.swift */,
				1FBF21B626CFAB0000EA854B /* ContentView.swift */,
				1FBF21B826CFAB0100EA854B /* Assets.xcassets */,
				1FBF21BD26CFAB0100EA854B /* Info.plist */,
				1FBF21BA26CFAB0100EA854B /* Preview Content */,
			);
			path = FakeTelegram;
			sourceTree = "<group>";
		};
		1FBF21BA26CFAB0100EA854B /* Preview Content */ = {
			isa = PBXGroup;
			children = (
				1FBF21BB26CFAB0100EA854B /* Preview Assets.xcassets */,
			);
			path = "Preview Content";
			sourceTree = "<group>";
		};
		1FBF21C326CFAB1F00EA854B /* View */ = {
			isa = PBXGroup;
			children = (
				1F7CB0F426D671B5003AF85E /* FunctionView */,
				1FA73D2026D4E748006D4DAD /* MainView */,
				1F6C0EBA26D39D13007E02B1 /* NavigationView */,
				1FBF21C426CFAB6500EA854B /* CellPostView.swift */,
				1FD6C48226D2467600BC0AEB /* PostListView.swift */,
				1F6C0EBB26D39D55007E02B1 /* AllPeopleView.swift */,
				1F6C0EBF26D39E34007E02B1 /* PeopleView.swift */,
			);
			path = View;
			sourceTree = "<group>";
		};
/* End PBXGroup section */

/* Begin PBXNativeTarget section */
		1FBF21B026CFAB0000EA854B /* FakeTelegram */ = {
			isa = PBXNativeTarget;
			buildConfigurationList = 1FBF21C026CFAB0100EA854B /* Build configuration list for PBXNativeTarget "FakeTelegram" */;
			buildPhases = (
				1FBF21AD26CFAB0000EA854B /* Sources */,
				1FBF21AE26CFAB0000EA854B /* Frameworks */,
				1FBF21AF26CFAB0000EA854B /* Resources */,
			);
			buildRules = (
			);
			dependencies = (
			);
			name = FakeTelegram;
			packageProductDependencies = (
				1FA2563A2711B40A001F93DC /* Alamofire */,
			);
			productName = FakeTelegram;
			productReference = 1FBF21B126CFAB0000EA854B /* FakeTelegram.app */;
			productType = "com.apple.product-type.application";
		};
/* End PBXNativeTarget section */

/* Begin PBXProject section */
		1FBF21A926CFAB0000EA854B /* Project object */ = {
			isa = PBXProject;
			attributes = {
				LastSwiftUpdateCheck = 1250;
				LastUpgradeCheck = 1250;
				TargetAttributes = {
					1FBF21B026CFAB0000EA854B = {
						CreatedOnToolsVersion = 12.5.1;
					};
				};
			};
			buildConfigurationList = 1FBF21AC26CFAB0000EA854B /* Build configuration list for PBXProject "FakeTelegram" */;
			compatibilityVersion = "Xcode 9.3";
			developmentRegion = en;
			hasScannedForEncodings = 0;
			knownRegions = (
				en,
				Base,
			);
			mainGroup = 1FBF21A826CFAB0000EA854B;
			packageReferences = (
				1FA256392711B40A001F93DC /* XCRemoteSwiftPackageReference "Alamofire" */,
			);
			productRefGroup = 1FBF21B226CFAB0000EA854B /* Products */;
			projectDirPath = "";
			projectRoot = "";
			targets = (
				1FBF21B026CFAB0000EA854B /* FakeTelegram */,
			);
		};
/* End PBXProject section */

/* Begin PBXResourcesBuildPhase section */
		1FBF21AF26CFAB0000EA854B /* Resources */ = {
			isa = PBXResourcesBuildPhase;
			buildActionMask = 2147483647;
			files = (
				1FBF21C926D000AC00EA854B /* README.md in Resources */,
				1FBF21BC26CFAB0100EA854B /* Preview Assets.xcassets in Resources */,
				1FBF21B926CFAB0100EA854B /* Assets.xcassets in Resources */,
			);
			runOnlyForDeploymentPostprocessing = 0;
		};
/* End PBXResourcesBuildPhase section */

/* Begin PBXSourcesBuildPhase section */
		1FBF21AD26CFAB0000EA854B /* Sources */ = {
			isa = PBXSourcesBuildPhase;
			buildActionMask = 2147483647;
			files = (
				1FF5AFF926D1289D00876E58 /* AllTalkMessageView.swift in Sources */,
				1F84237326E9E65C00F64D5C /* InvitationFriendsView.swift in Sources */,
				1F6C0EC026D39E34007E02B1 /* PeopleView.swift in Sources */,
				1F6C0EBE26D39D63007E02B1 /* FriendView.swift in Sources */,
				1FD3680726E1011900310104 /* CallView.swift in Sources */,
				1F7CB0F626D67220003AF85E /* AddContactsView.swift in Sources */,
				1F522E2626D526A40063AA5E /* MapView.swift in Sources */,
				1FBF21B726CFAB0000EA854B /* ContentView.swift in Sources */,
				1FBF21C526CFAB6500EA854B /* CellPostView.swift in Sources */,
				1F6C0EBC26D39D55007E02B1 /* AllPeopleView.swift in Sources */,
				1F29C20326D7C06E00B5C632 /* CallNavigationView.swift in Sources */,
				1FF5AFFB26D12F2300876E58 /* TalkNavigationView.swift in Sources */,
				1FD6C48326D2467600BC0AEB /* PostListView.swift in Sources */,
				1FA2563E2711BD46001F93DC /* testAF.swift in Sources */,
				1F6C0EB926D39BC0007E02B1 /* FriendNavigationView.swift in Sources */,
				1FBF21B526CFAB0000EA854B /* FakeTelegramApp.swift in Sources */,
				1F522E2826D53B1A0063AA5E /* schoolView.swift in Sources */,
			);
			runOnlyForDeploymentPostprocessing = 0;
		};
/* End PBXSourcesBuildPhase section */

/* Begin XCBuildConfiguration section */
		1FBF21BE26CFAB0100EA854B /* Debug */ = {
			isa = XCBuildConfiguration;
			buildSettings = {
				ALWAYS_SEARCH_USER_PATHS = NO;
				CLANG_ANALYZER_NONNULL = YES;
				CLANG_ANALYZER_NUMBER_OBJECT_CONVERSION = YES_AGGRESSIVE;
				CLANG_CXX_LANGUAGE_STANDARD = "gnu++14";
				CLANG_CXX_LIBRARY = "libc++";
				CLANG_ENABLE_MODULES = YES;
				CLANG_ENABLE_OBJC_ARC = YES;
				CLANG_ENABLE_OBJC_WEAK = YES;
				CLANG_WARN_BLOCK_CAPTURE_AUTORELEASING = YES;
				CLANG_WARN_BOOL_CONVERSION = YES;
				CLANG_WARN_COMMA = YES;
				CLANG_WARN_CONSTANT_CONVERSION = YES;
				CLANG_WARN_DEPRECATED_OBJC_IMPLEMENTATIONS = YES;
				CLANG_WARN_DIRECT_OBJC_ISA_USAGE = YES_ERROR;
				CLANG_WARN_DOCUMENTATION_COMMENTS = YES;
				CLANG_WARN_EMPTY_BODY = YES;
				CLANG_WARN_ENUM_CONVERSION = YES;
				CLANG_WARN_INFINITE_RECURSION = YES;
				CLANG_WARN_INT_CONVERSION = YES;
				CLANG_WARN_NON_LITERAL_NULL_CONVERSION = YES;
				CLANG_WARN_OBJC_IMPLICIT_RETAIN_SELF = YES;
				CLANG_WARN_OBJC_LITERAL_CONVERSION = YES;
				CLANG_WARN_OBJC_ROOT_CLASS = YES_ERROR;
				CLANG_WARN_QUOTED_INCLUDE_IN_FRAMEWORK_HEADER = YES;
				CLANG_WARN_RANGE_LOOP_ANALYSIS = YES;
				CLANG_WARN_STRICT_PROTOTYPES = YES;
				CLANG_WARN_SUSPICIOUS_MOVE = YES;
				CLANG_WARN_UNGUARDED_AVAILABILITY = YES_AGGRESSIVE;
				CLANG_WARN_UNREACHABLE_CODE = YES;
				CLANG_WARN__DUPLICATE_METHOD_MATCH = YES;
				COPY_PHASE_STRIP = NO;
				DEBUG_INFORMATION_FORMAT = dwarf;
				ENABLE_STRICT_OBJC_MSGSEND = YES;
				ENABLE_TESTABILITY = YES;
				GCC_C_LANGUAGE_STANDARD = gnu11;
				GCC_DYNAMIC_NO_PIC = NO;
				GCC_NO_COMMON_BLOCKS = YES;
				GCC_OPTIMIZATION_LEVEL = 0;
				GCC_PREPROCESSOR_DEFINITIONS = (
					"DEBUG=1",
					"$(inherited)",
				);
				GCC_WARN_64_TO_32_BIT_CONVERSION = YES;
				GCC_WARN_ABOUT_RETURN_TYPE = YES_ERROR;
				GCC_WARN_UNDECLARED_SELECTOR = YES;
				GCC_WARN_UNINITIALIZED_AUTOS = YES_AGGRESSIVE;
				GCC_WARN_UNUSED_FUNCTION = YES;
				GCC_WARN_UNUSED_VARIABLE = YES;
				IPHONEOS_DEPLOYMENT_TARGET = 14.5;
				MTL_ENABLE_DEBUG_INFO = INCLUDE_SOURCE;
				MTL_FAST_MATH = YES;
				ONLY_ACTIVE_ARCH = YES;
				SDKROOT = iphoneos;
				SWIFT_ACTIVE_COMPILATION_CONDITIONS = DEBUG;
				SWIFT_OPTIMIZATION_LEVEL = "-Onone";
			};
			name = Debug;
		};
		1FBF21BF26CFAB0100EA854B /* Release */ = {
			isa = XCBuildConfiguration;
			buildSettings = {
				ALWAYS_SEARCH_USER_PATHS = NO;
				CLANG_ANALYZER_NONNULL = YES;
				CLANG_ANALYZER_NUMBER_OBJECT_CONVERSION = YES_AGGRESSIVE;
				CLANG_CXX_LANGUAGE_STANDARD = "gnu++14";
				CLANG_CXX_LIBRARY = "libc++";
				CLANG_ENABLE_MODULES = YES;
				CLANG_ENABLE_OBJC_ARC = YES;
				CLANG_ENABLE_OBJC_WEAK = YES;
				CLANG_WARN_BLOCK_CAPTURE_AUTORELEASING = YES;
				CLANG_WARN_BOOL_CONVERSION = YES;
				CLANG_WARN_COMMA = YES;
				CLANG_WARN_CONSTANT_CONVERSION = YES;
				CLANG_WARN_DEPRECATED_OBJC_IMPLEMENTATIONS = YES;
				CLANG_WARN_DIRECT_OBJC_ISA_USAGE = YES_ERROR;
				CLANG_WARN_DOCUMENTATION_COMMENTS = YES;
				CLANG_WARN_EMPTY_BODY = YES;
				CLANG_WARN_ENUM_CONVERSION = YES;
				CLANG_WARN_INFINITE_RECURSION = YES;
				CLANG_WARN_INT_CONVERSION = YES;
				CLANG_WARN_NON_LITERAL_NULL_CONVERSION = YES;
				CLANG_WARN_OBJC_IMPLICIT_RETAIN_SELF = YES;
				CLANG_WARN_OBJC_LITERAL_CONVERSION = YES;
				CLANG_WARN_OBJC_ROOT_CLASS = YES_ERROR;
				CLANG_WARN_QUOTED_INCLUDE_IN_FRAMEWORK_HEADER = YES;
				CLANG_WARN_RANGE_LOOP_ANALYSIS = YES;
				CLANG_WARN_STRICT_PROTOTYPES = YES;
				CLANG_WARN_SUSPICIOUS_MOVE = YES;
				CLANG_WARN_UNGUARDED_AVAILABILITY = YES_AGGRESSIVE;
				CLANG_WARN_UNREACHABLE_CODE = YES;
				CLANG_WARN__DUPLICATE_METHOD_MATCH = YES;
				COPY_PHASE_STRIP = NO;
				DEBUG_INFORMATION_FORMAT = "dwarf-with-dsym";
				ENABLE_NS_ASSERTIONS = NO;
				ENABLE_STRICT_OBJC_MSGSEND = YES;
				GCC_C_LANGUAGE_STANDARD = gnu11;
				GCC_NO_COMMON_BLOCKS = YES;
				GCC_WARN_64_TO_32_BIT_CONVERSION = YES;
				GCC_WARN_ABOUT_RETURN_TYPE = YES_ERROR;
				GCC_WARN_UNDECLARED_SELECTOR = YES;
				GCC_WARN_UNINITIALIZED_AUTOS = YES_AGGRESSIVE;
				GCC_WARN_UNUSED_FUNCTION = YES;
				GCC_WARN_UNUSED_VARIABLE = YES;
				IPHONEOS_DEPLOYMENT_TARGET = 14.5;
				MTL_ENABLE_DEBUG_INFO = NO;
				MTL_FAST_MATH = YES;
				SDKROOT = iphoneos;
				SWIFT_COMPILATION_MODE = wholemodule;
				SWIFT_OPTIMIZATION_LEVEL = "-O";
				VALIDATE_PRODUCT = YES;
			};
			name = Release;
		};
		1FBF21C126CFAB0100EA854B /* Debug */ = {
			isa = XCBuildConfiguration;
			buildSettings = {
				ASSETCATALOG_COMPILER_APPICON_NAME = AppIcon;
				ASSETCATALOG_COMPILER_GLOBAL_ACCENT_COLOR_NAME = AccentColor;
				CODE_SIGN_STYLE = Automatic;
				DEVELOPMENT_ASSET_PATHS = "\"FakeTelegram/Preview Content\"";
				DEVELOPMENT_TEAM = Q57R8D23YS;
				ENABLE_PREVIEWS = YES;
				INFOPLIST_FILE = FakeTelegram/Info.plist;
				IPHONEOS_DEPLOYMENT_TARGET = 14.0;
				LD_RUNPATH_SEARCH_PATHS = (
					"$(inherited)",
					"@executable_path/Frameworks",
				);
				PRODUCT_BUNDLE_IDENTIFIER = com.GnaixEuy.FakeTelegram;
				PRODUCT_NAME = "$(TARGET_NAME)";
				SWIFT_VERSION = 5.0;
				TARGETED_DEVICE_FAMILY = "1,2";
			};
			name = Debug;
		};
		1FBF21C226CFAB0100EA854B /* Release */ = {
			isa = XCBuildConfiguration;
			buildSettings = {
				ASSETCATALOG_COMPILER_APPICON_NAME = AppIcon;
				ASSETCATALOG_COMPILER_GLOBAL_ACCENT_COLOR_NAME = AccentColor;
				CODE_SIGN_STYLE = Automatic;
				DEVELOPMENT_ASSET_PATHS = "\"FakeTelegram/Preview Content\"";
				DEVELOPMENT_TEAM = Q57R8D23YS;
				ENABLE_PREVIEWS = YES;
				INFOPLIST_FILE = FakeTelegram/Info.plist;
				IPHONEOS_DEPLOYMENT_TARGET = 14.0;
				LD_RUNPATH_SEARCH_PATHS = (
					"$(inherited)",
					"@executable_path/Frameworks",
				);
				PRODUCT_BUNDLE_IDENTIFIER = com.GnaixEuy.FakeTelegram;
				PRODUCT_NAME = "$(TARGET_NAME)";
				SWIFT_VERSION = 5.0;
				TARGETED_DEVICE_FAMILY = "1,2";
			};
			name = Release;
		};
/* End XCBuildConfiguration section */

/* Begin XCConfigurationList section */
		1FBF21AC26CFAB0000EA854B /* Build configuration list for PBXProject "FakeTelegram" */ = {
			isa = XCConfigurationList;
			buildConfigurations = (
				1FBF21BE26CFAB0100EA854B /* Debug */,
				1FBF21BF26CFAB0100EA854B /* Release */,
			);
			defaultConfigurationIsVisible = 0;
			defaultConfigurationName = Release;
		};
		1FBF21C026CFAB0100EA854B /* Build configuration list for PBXNativeTarget "FakeTelegram" */ = {
			isa = XCConfigurationList;
			buildConfigurations = (
				1FBF21C126CFAB0100EA854B /* Debug */,
				1FBF21C226CFAB0100EA854B /* Release */,
			);
			defaultConfigurationIsVisible = 0;
			defaultConfigurationName = Release;
		};
/* End XCConfigurationList section */

/* Begin XCRemoteSwiftPackageReference section */
		1FA256392711B40A001F93DC /* XCRemoteSwiftPackageReference "Alamofire" */ = {
			isa = XCRemoteSwiftPackageReference;
			repositoryURL = "https://gitee.com/GnaixEuy/Alamofire.git";
			requirement = {
				kind = upToNextMajorVersion;
				minimumVersion = 5.4.0;
			};
		};
/* End XCRemoteSwiftPackageReference section */

/* Begin XCSwiftPackageProductDependency section */
		1FA2563A2711B40A001F93DC /* Alamofire */ = {
			isa = XCSwiftPackageProductDependency;
			package = 1FA256392711B40A001F93DC /* XCRemoteSwiftPackageReference "Alamofire" */;
			productName = Alamofire;
		};
/* End XCSwiftPackageProductDependency section */
	};
	rootObject = 1FBF21A926CFAB0000EA854B /* Project object */;
}
